
Microsoft Visual Studio Solution File, Format Version 12.00
# Visual Studio 14
VisualStudioVersion = 14.0.25420.1
MinimumVisualStudioVersion = 10.0.40219.1
Project("{FAE04EC0-301F-11D3-BF4B-00C04F79EFBC}") = "HackerRank", "HackerRank\HackerRank.csproj", "{44DE9E4A-B978-4401-AE61-FC68B9F65E69}"
EndProject
Project("{FAE04EC0-301F-11D3-BF4B-00C04F79EFBC}") = "Circular_Array_Rotation", "Circular_Array_Rotation\Circular_Array_Rotation.csproj", "{446549C9-2690-40DF-A4A1-A93AD2A3E8AE}"
EndProject
Project("{2150E333-8FDC-42A3-9474-1A3956D46DE8}") = "Algoriths", "Algoriths", "{D992285C-71B1-4895-ACE7-A9EA40CEBBE6}"
EndProject
Project("{2150E333-8FDC-42A3-9474-1A3956D46DE8}") = "warmup", "warmup", "{B000C44C-9A21-4F72-A9F4-E1A0B77EF365}"
EndProject
Project("{FAE04EC0-301F-11D3-BF4B-00C04F79EFBC}") = "Solve_Me_First", "Solve_Me_First\Solve_Me_First.csproj", "{EA16E9CF-40B0-4805-B21A-2C5FE3EE47EB}"
EndProject
Project("{FAE04EC0-301F-11D3-BF4B-00C04F79EFBC}") = "Circular_Array_Rotation1", "Circular_Array_Rotation1\Circular_Array_Rotation1.csproj", "{F7E58180-ED76-4589-8572-85CE2A93A261}"
EndProject
Project("{2150E333-8FDC-42A3-9474-1A3956D46DE8}") = "Strings", "Strings", "{F0242F7F-AF64-4186-B044-55DACC9A4ED7}"
EndProject
Project("{FAE04EC0-301F-11D3-BF4B-00C04F79EFBC}") = "Funny_String", "Funny_String\Funny_String.csproj", "{CD3FBA87-B2B8-4657-9355-607527F8CA7C}"
EndProject
Project("{FAE04EC0-301F-11D3-BF4B-00C04F79EFBC}") = "Hamming_Distance", "Hamming_Distance\Hamming_Distance.csproj", "{FE68BDC5-CC1C-4FAD-A381-C9A0D469158E}"
EndProject
Project("{2150E333-8FDC-42A3-9474-1A3956D46DE8}") = "Implementation", "Implementation", "{B36D2A10-7953-49F0-807B-D71FAF7264EC}"
EndProject
Project("{FAE04EC0-301F-11D3-BF4B-00C04F79EFBC}") = "ACM_ICPC_Team", "ACM_ICPC_Team\ACM_ICPC_Team.csproj", "{E33CA14F-6A89-4E34-A19A-2262EE92D1B9}"
EndProject
Global
	GlobalSection(SolutionConfigurationPlatforms) = preSolution
		Debug|Any CPU = Debug|Any CPU
		Release|Any CPU = Release|Any CPU
	EndGlobalSection
	GlobalSection(ProjectConfigurationPlatforms) = postSolution
		{44DE9E4A-B978-4401-AE61-FC68B9F65E69}.Debug|Any CPU.ActiveCfg = Debug|Any CPU
		{44DE9E4A-B978-4401-AE61-FC68B9F65E69}.Debug|Any CPU.Build.0 = Debug|Any CPU
		{44DE9E4A-B978-4401-AE61-FC68B9F65E69}.Release|Any CPU.ActiveCfg = Release|Any CPU
		{44DE9E4A-B978-4401-AE61-FC68B9F65E69}.Release|Any CPU.Build.0 = Release|Any CPU
		{446549C9-2690-40DF-A4A1-A93AD2A3E8AE}.Debug|Any CPU.ActiveCfg = Debug|Any CPU
		{446549C9-2690-40DF-A4A1-A93AD2A3E8AE}.Debug|Any CPU.Build.0 = Debug|Any CPU
		{446549C9-2690-40DF-A4A1-A93AD2A3E8AE}.Release|Any CPU.ActiveCfg = Release|Any CPU
		{446549C9-2690-40DF-A4A1-A93AD2A3E8AE}.Release|Any CPU.Build.0 = Release|Any CPU
		{EA16E9CF-40B0-4805-B21A-2C5FE3EE47EB}.Debug|Any CPU.ActiveCfg = Debug|Any CPU
		{EA16E9CF-40B0-4805-B21A-2C5FE3EE47EB}.Debug|Any CPU.Build.0 = Debug|Any CPU
		{EA16E9CF-40B0-4805-B21A-2C5FE3EE47EB}.Release|Any CPU.ActiveCfg = Release|Any CPU
		{EA16E9CF-40B0-4805-B21A-2C5FE3EE47EB}.Release|Any CPU.Build.0 = Release|Any CPU
		{F7E58180-ED76-4589-8572-85CE2A93A261}.Debug|Any CPU.ActiveCfg = Debug|Any CPU
		{F7E58180-ED76-4589-8572-85CE2A93A261}.Debug|Any CPU.Build.0 = Debug|Any CPU
		{F7E58180-ED76-4589-8572-85CE2A93A261}.Release|Any CPU.ActiveCfg = Release|Any CPU
		{F7E58180-ED76-4589-8572-85CE2A93A261}.Release|Any CPU.Build.0 = Release|Any CPU
		{CD3FBA87-B2B8-4657-9355-607527F8CA7C}.Debug|Any CPU.ActiveCfg = Debug|Any CPU
		{CD3FBA87-B2B8-4657-9355-607527F8CA7C}.Debug|Any CPU.Build.0 = Debug|Any CPU
		{CD3FBA87-B2B8-4657-9355-607527F8CA7C}.Release|Any CPU.ActiveCfg = Release|Any CPU
		{CD3FBA87-B2B8-4657-9355-607527F8CA7C}.Release|Any CPU.Build.0 = Release|Any CPU
		{FE68BDC5-CC1C-4FAD-A381-C9A0D469158E}.Debug|Any CPU.ActiveCfg = Debug|Any CPU
		{FE68BDC5-CC1C-4FAD-A381-C9A0D469158E}.Debug|Any CPU.Build.0 = Debug|Any CPU
		{FE68BDC5-CC1C-4FAD-A381-C9A0D469158E}.Release|Any CPU.ActiveCfg = Release|Any CPU
		{FE68BDC5-CC1C-4FAD-A381-C9A0D469158E}.Release|Any CPU.Build.0 = Release|Any CPU
		{E33CA14F-6A89-4E34-A19A-2262EE92D1B9}.Debug|Any CPU.ActiveCfg = Debug|Any CPU
		{E33CA14F-6A89-4E34-A19A-2262EE92D1B9}.Debug|Any CPU.Build.0 = Debug|Any CPU
		{E33CA14F-6A89-4E34-A19A-2262EE92D1B9}.Release|Any CPU.ActiveCfg = Release|Any CPU
		{E33CA14F-6A89-4E34-A19A-2262EE92D1B9}.Release|Any CPU.Build.0 = Release|Any CPU
	EndGlobalSection
	GlobalSection(SolutionProperties) = preSolution
		HideSolutionNode = FALSE
	EndGlobalSection
	GlobalSection(NestedProjects) = preSolution
		{446549C9-2690-40DF-A4A1-A93AD2A3E8AE} = {B000C44C-9A21-4F72-A9F4-E1A0B77EF365}
		{B000C44C-9A21-4F72-A9F4-E1A0B77EF365} = {D992285C-71B1-4895-ACE7-A9EA40CEBBE6}
		{EA16E9CF-40B0-4805-B21A-2C5FE3EE47EB} = {B000C44C-9A21-4F72-A9F4-E1A0B77EF365}
		{F7E58180-ED76-4589-8572-85CE2A93A261} = {B000C44C-9A21-4F72-A9F4-E1A0B77EF365}
		{F0242F7F-AF64-4186-B044-55DACC9A4ED7} = {D992285C-71B1-4895-ACE7-A9EA40CEBBE6}
		{CD3FBA87-B2B8-4657-9355-607527F8CA7C} = {F0242F7F-AF64-4186-B044-55DACC9A4ED7}
		{FE68BDC5-CC1C-4FAD-A381-C9A0D469158E} = {F0242F7F-AF64-4186-B044-55DACC9A4ED7}
		{B36D2A10-7953-49F0-807B-D71FAF7264EC} = {D992285C-71B1-4895-ACE7-A9EA40CEBBE6}
		{E33CA14F-6A89-4E34-A19A-2262EE92D1B9} = {B36D2A10-7953-49F0-807B-D71FAF7264EC}
	EndGlobalSection
EndGlobal
