
Microsoft Visual Studio Solution File, Format Version 12.00
# Visual Studio 14
VisualStudioVersion = 14.0.25420.1
MinimumVisualStudioVersion = 10.0.40219.1
Project("{FAE04EC0-301F-11D3-BF4B-00C04F79EFBC}") = "HackerRank", "HackerRank\HackerRank.csproj", "{44DE9E4A-B978-4401-AE61-FC68B9F65E69}"
EndProject
Project("{FAE04EC0-301F-11D3-BF4B-00C04F79EFBC}") = "Circular_Array_Rotation", "Circular_Array_Rotation\Circular_Array_Rotation.csproj", "{446549C9-2690-40DF-A4A1-A93AD2A3E8AE}"
EndProject
Global
	GlobalSection(SolutionConfigurationPlatforms) = preSolution
		Debug|Any CPU = Debug|Any CPU
		Release|Any CPU = Release|Any CPU
	EndGlobalSection
	GlobalSection(ProjectConfigurationPlatforms) = postSolution
		{44DE9E4A-B978-4401-AE61-FC68B9F65E69}.Debug|Any CPU.ActiveCfg = Debug|Any CPU
		{44DE9E4A-B978-4401-AE61-FC68B9F65E69}.Debug|Any CPU.Build.0 = Debug|Any CPU
		{44DE9E4A-B978-4401-AE61-FC68B9F65E69}.Release|Any CPU.ActiveCfg = Release|Any CPU
		{44DE9E4A-B978-4401-AE61-FC68B9F65E69}.Release|Any CPU.Build.0 = Release|Any CPU
		{446549C9-2690-40DF-A4A1-A93AD2A3E8AE}.Debug|Any CPU.ActiveCfg = Debug|Any CPU
		{446549C9-2690-40DF-A4A1-A93AD2A3E8AE}.Debug|Any CPU.Build.0 = Debug|Any CPU
		{446549C9-2690-40DF-A4A1-A93AD2A3E8AE}.Release|Any CPU.ActiveCfg = Release|Any CPU
		{446549C9-2690-40DF-A4A1-A93AD2A3E8AE}.Release|Any CPU.Build.0 = Release|Any CPU
	EndGlobalSection
	GlobalSection(SolutionProperties) = preSolution
		HideSolutionNode = FALSE
	EndGlobalSection
EndGlobal
