
Microsoft Visual Studio Solution File, Format Version 12.00
# Visual Studio 14
VisualStudioVersion = 14.0.25420.1
MinimumVisualStudioVersion = 10.0.40219.1
Project("{FAE04EC0-301F-11D3-BF4B-00C04F79EFBC}") = "HackerRank", "HackerRank\HackerRank.csproj", "{44DE9E4A-B978-4401-AE61-FC68B9F65E69}"
EndProject
Project("{FAE04EC0-301F-11D3-BF4B-00C04F79EFBC}") = "Circular_Array_Rotation", "Circular_Array_Rotation\Circular_Array_Rotation.csproj", "{446549C9-2690-40DF-A4A1-A93AD2A3E8AE}"
EndProject
Project("{2150E333-8FDC-42A3-9474-1A3956D46DE8}") = "Algoriths", "Algoriths", "{D992285C-71B1-4895-ACE7-A9EA40CEBBE6}"
EndProject
Project("{2150E333-8FDC-42A3-9474-1A3956D46DE8}") = "warmup", "warmup", "{B000C44C-9A21-4F72-A9F4-E1A0B77EF365}"
EndProject
Project("{FAE04EC0-301F-11D3-BF4B-00C04F79EFBC}") = "Solve_Me_First", "Solve_Me_First\Solve_Me_First.csproj", "{EA16E9CF-40B0-4805-B21A-2C5FE3EE47EB}"
EndProject
Project("{FAE04EC0-301F-11D3-BF4B-00C04F79EFBC}") = "Circular_Array_Rotation1", "Circular_Array_Rotation1\Circular_Array_Rotation1.csproj", "{F7E58180-ED76-4589-8572-85CE2A93A261}"
EndProject
Project("{2150E333-8FDC-42A3-9474-1A3956D46DE8}") = "Strings", "Strings", "{F0242F7F-AF64-4186-B044-55DACC9A4ED7}"
EndProject
Project("{FAE04EC0-301F-11D3-BF4B-00C04F79EFBC}") = "Funny_String", "Funny_String\Funny_String.csproj", "{CD3FBA87-B2B8-4657-9355-607527F8CA7C}"
EndProject
Project("{FAE04EC0-301F-11D3-BF4B-00C04F79EFBC}") = "Hamming_Distance", "Hamming_Distance\Hamming_Distance.csproj", "{FE68BDC5-CC1C-4FAD-A381-C9A0D469158E}"
EndProject
Project("{2150E333-8FDC-42A3-9474-1A3956D46DE8}") = "Implementation", "Implementation", "{B36D2A10-7953-49F0-807B-D71FAF7264EC}"
EndProject
Project("{FAE04EC0-301F-11D3-BF4B-00C04F79EFBC}") = "ACM_ICPC_Team", "ACM_ICPC_Team\ACM_ICPC_Team.csproj", "{E33CA14F-6A89-4E34-A19A-2262EE92D1B9}"
EndProject
Project("{2150E333-8FDC-42A3-9474-1A3956D46DE8}") = "WalmartLabs Codesprint", "WalmartLabs Codesprint", "{016F5F57-B898-4243-9C2C-8DEB72FC9283}"
EndProject
Project("{FAE04EC0-301F-11D3-BF4B-00C04F79EFBC}") = "CountYourProgressions", "CountYourProgressions\CountYourProgressions.csproj", "{913BA2A4-5376-4BA5-BBFC-A0CD649BF07D}"
EndProject
Project("{FAE04EC0-301F-11D3-BF4B-00C04F79EFBC}") = "Hiking Selfies", "Hiking Selfies\Hiking Selfies.csproj", "{A0F97A41-46D8-44D9-BEA9-E0C3AF4DCAA0}"
EndProject
Project("{FAE04EC0-301F-11D3-BF4B-00C04F79EFBC}") = "array_rotate", "array_rotate\array_rotate.csproj", "{D6BD4138-6F93-42C9-843C-8E4FD814F7F4}"
EndProject
Project("{FAE04EC0-301F-11D3-BF4B-00C04F79EFBC}") = "AraysLeftRotation", "AraysLeftRotation\AraysLeftRotation.csproj", "{AE7B3BCA-E6D7-4018-82F6-38DFFC6D5899}"
EndProject
Project("{FAE04EC0-301F-11D3-BF4B-00C04F79EFBC}") = "Compare the Triplets", "Compare the Triplets\Compare the Triplets.csproj", "{6588B084-DA55-45CC-9D83-7E2D53679296}"
EndProject
Project("{FAE04EC0-301F-11D3-BF4B-00C04F79EFBC}") = "A Very Big Sum", "A Very Big Sum\A Very Big Sum.csproj", "{AFE5C530-FB95-45BB-BBDC-932656471B25}"
EndProject
Project("{FAE04EC0-301F-11D3-BF4B-00C04F79EFBC}") = "Diagonal Difference", "Diagonal Difference\Diagonal Difference.csproj", "{4AAA3314-1C18-4794-A286-394591C201CF}"
EndProject
Project("{FAE04EC0-301F-11D3-BF4B-00C04F79EFBC}") = "Simple Array Sum", "Simple Array Sum\Simple Array Sum.csproj", "{6DBB2ADB-BA3F-4651-BC3E-45CB6540A91D}"
EndProject
Project("{FAE04EC0-301F-11D3-BF4B-00C04F79EFBC}") = "Plus Minus", "Plus Minus\Plus Minus.csproj", "{1D838D97-D5FA-4761-ABB5-906F3EE284D1}"
EndProject
Project("{FAE04EC0-301F-11D3-BF4B-00C04F79EFBC}") = "Staircase", "Staircase\Staircase.csproj", "{DF078AD4-B7E7-4282-AF72-84EB3ED0D085}"
EndProject
Project("{FAE04EC0-301F-11D3-BF4B-00C04F79EFBC}") = "Time Conversion", "Time Conversion\Time Conversion.csproj", "{7FCF7533-76F3-436B-B79E-952E3B13175D}"
EndProject
Project("{FAE04EC0-301F-11D3-BF4B-00C04F79EFBC}") = "Sock Merchant", "Sock Merchant\Sock Merchant.csproj", "{3041F173-12A5-415A-A0E5-16AE740F4833}"
EndProject
Project("{FAE04EC0-301F-11D3-BF4B-00C04F79EFBC}") = "Divisible Sum Pairs", "Divisible Sum Pairs\Divisible Sum Pairs.csproj", "{FB7D74AB-4B92-43D6-83E0-E5FDF41AF641}"
EndProject
Project("{FAE04EC0-301F-11D3-BF4B-00C04F79EFBC}") = "Angry Professor", "Angry Professor\Angry Professor.csproj", "{3901C942-75D1-46B5-80E4-12039736D76E}"
EndProject
Project("{FAE04EC0-301F-11D3-BF4B-00C04F79EFBC}") = "Cut the sticks", "Cut the sticks\Cut the sticks.csproj", "{5F96F209-D713-4695-9E4E-45D925876EEA}"
EndProject
Project("{FAE04EC0-301F-11D3-BF4B-00C04F79EFBC}") = "CamelCase", "CamelCase\CamelCase.csproj", "{E66586C4-FDF2-44BC-8D72-DD5CC587C44D}"
EndProject
Project("{FAE04EC0-301F-11D3-BF4B-00C04F79EFBC}") = "Two Characters", "Two Characters\Two Characters.csproj", "{8B04172A-9003-4C68-BEAA-90F625B2002F}"
EndProject
Project("{2150E333-8FDC-42A3-9474-1A3956D46DE8}") = "Dynamic Programming", "Dynamic Programming", "{F7A3DA51-43F5-4E1F-BF89-8709758243C6}"
EndProject
Project("{FAE04EC0-301F-11D3-BF4B-00C04F79EFBC}") = "The Longest Increasing Subsequence", "The Longest Increasing Subsequence\The Longest Increasing Subsequence.csproj", "{DC2A0223-40DF-4B9C-8570-BCC6FF586362}"
EndProject
Project("{FAE04EC0-301F-11D3-BF4B-00C04F79EFBC}") = "Pangrams", "Pangrams\Pangrams.csproj", "{589C4738-51CB-4D8E-9D63-A34AE9315CD3}"
EndProject
Project("{FAE04EC0-301F-11D3-BF4B-00C04F79EFBC}") = "Beautiful Binary String", "Beautiful Binary String\Beautiful Binary String.csproj", "{4CCED3AD-CD1D-410D-9DAA-FF43B35403E2}"
EndProject
Project("{FAE04EC0-301F-11D3-BF4B-00C04F79EFBC}") = "Repeated String", "Repeated String\Repeated String.csproj", "{20EAFC98-C66E-477B-AA22-71D2FFB3118C}"
EndProject
Project("{FAE04EC0-301F-11D3-BF4B-00C04F79EFBC}") = "Day 5 Loops", "Day 5 Loops\Day 5 Loops.csproj", "{39FF6499-A44F-48F1-85B1-9C4384272B76}"
EndProject
Project("{FAE04EC0-301F-11D3-BF4B-00C04F79EFBC}") = "Day 6Lets Review", "Day 6Lets Review\Day 6Lets Review.csproj", "{1BCB75D1-2C18-4E35-9046-19EA02F7DE24}"
EndProject
Project("{FAE04EC0-301F-11D3-BF4B-00C04F79EFBC}") = "Intro to Tutorial Challenges", "Intro to Tutorial Challenges\Intro to Tutorial Challenges.csproj", "{471469B7-48A4-48A2-A2A5-FC2B376BCFC0}"
EndProject
Project("{2150E333-8FDC-42A3-9474-1A3956D46DE8}") = "Graph Theory", "Graph Theory", "{A5534AFB-ECAF-4A41-A6B9-7E7512EFC855}"
EndProject
Project("{FAE04EC0-301F-11D3-BF4B-00C04F79EFBC}") = "Prims MST Special Subtree", "Prims MST Special Subtree\Prims MST Special Subtree.csproj", "{568C6308-2669-44F6-9322-A6A6165311B1}"
EndProject
Global
	GlobalSection(SolutionConfigurationPlatforms) = preSolution
		Debug|Any CPU = Debug|Any CPU
		Release|Any CPU = Release|Any CPU
	EndGlobalSection
	GlobalSection(ProjectConfigurationPlatforms) = postSolution
		{44DE9E4A-B978-4401-AE61-FC68B9F65E69}.Debug|Any CPU.ActiveCfg = Debug|Any CPU
		{44DE9E4A-B978-4401-AE61-FC68B9F65E69}.Debug|Any CPU.Build.0 = Debug|Any CPU
		{44DE9E4A-B978-4401-AE61-FC68B9F65E69}.Release|Any CPU.ActiveCfg = Release|Any CPU
		{44DE9E4A-B978-4401-AE61-FC68B9F65E69}.Release|Any CPU.Build.0 = Release|Any CPU
		{446549C9-2690-40DF-A4A1-A93AD2A3E8AE}.Debug|Any CPU.ActiveCfg = Debug|Any CPU
		{446549C9-2690-40DF-A4A1-A93AD2A3E8AE}.Debug|Any CPU.Build.0 = Debug|Any CPU
		{446549C9-2690-40DF-A4A1-A93AD2A3E8AE}.Release|Any CPU.ActiveCfg = Release|Any CPU
		{446549C9-2690-40DF-A4A1-A93AD2A3E8AE}.Release|Any CPU.Build.0 = Release|Any CPU
		{EA16E9CF-40B0-4805-B21A-2C5FE3EE47EB}.Debug|Any CPU.ActiveCfg = Debug|Any CPU
		{EA16E9CF-40B0-4805-B21A-2C5FE3EE47EB}.Debug|Any CPU.Build.0 = Debug|Any CPU
		{EA16E9CF-40B0-4805-B21A-2C5FE3EE47EB}.Release|Any CPU.ActiveCfg = Release|Any CPU
		{EA16E9CF-40B0-4805-B21A-2C5FE3EE47EB}.Release|Any CPU.Build.0 = Release|Any CPU
		{F7E58180-ED76-4589-8572-85CE2A93A261}.Debug|Any CPU.ActiveCfg = Debug|Any CPU
		{F7E58180-ED76-4589-8572-85CE2A93A261}.Debug|Any CPU.Build.0 = Debug|Any CPU
		{F7E58180-ED76-4589-8572-85CE2A93A261}.Release|Any CPU.ActiveCfg = Release|Any CPU
		{F7E58180-ED76-4589-8572-85CE2A93A261}.Release|Any CPU.Build.0 = Release|Any CPU
		{CD3FBA87-B2B8-4657-9355-607527F8CA7C}.Debug|Any CPU.ActiveCfg = Debug|Any CPU
		{CD3FBA87-B2B8-4657-9355-607527F8CA7C}.Debug|Any CPU.Build.0 = Debug|Any CPU
		{CD3FBA87-B2B8-4657-9355-607527F8CA7C}.Release|Any CPU.ActiveCfg = Release|Any CPU
		{CD3FBA87-B2B8-4657-9355-607527F8CA7C}.Release|Any CPU.Build.0 = Release|Any CPU
		{FE68BDC5-CC1C-4FAD-A381-C9A0D469158E}.Debug|Any CPU.ActiveCfg = Debug|Any CPU
		{FE68BDC5-CC1C-4FAD-A381-C9A0D469158E}.Debug|Any CPU.Build.0 = Debug|Any CPU
		{FE68BDC5-CC1C-4FAD-A381-C9A0D469158E}.Release|Any CPU.ActiveCfg = Release|Any CPU
		{FE68BDC5-CC1C-4FAD-A381-C9A0D469158E}.Release|Any CPU.Build.0 = Release|Any CPU
		{E33CA14F-6A89-4E34-A19A-2262EE92D1B9}.Debug|Any CPU.ActiveCfg = Debug|Any CPU
		{E33CA14F-6A89-4E34-A19A-2262EE92D1B9}.Debug|Any CPU.Build.0 = Debug|Any CPU
		{E33CA14F-6A89-4E34-A19A-2262EE92D1B9}.Release|Any CPU.ActiveCfg = Release|Any CPU
		{E33CA14F-6A89-4E34-A19A-2262EE92D1B9}.Release|Any CPU.Build.0 = Release|Any CPU
		{913BA2A4-5376-4BA5-BBFC-A0CD649BF07D}.Debug|Any CPU.ActiveCfg = Debug|Any CPU
		{913BA2A4-5376-4BA5-BBFC-A0CD649BF07D}.Debug|Any CPU.Build.0 = Debug|Any CPU
		{913BA2A4-5376-4BA5-BBFC-A0CD649BF07D}.Release|Any CPU.ActiveCfg = Release|Any CPU
		{913BA2A4-5376-4BA5-BBFC-A0CD649BF07D}.Release|Any CPU.Build.0 = Release|Any CPU
		{A0F97A41-46D8-44D9-BEA9-E0C3AF4DCAA0}.Debug|Any CPU.ActiveCfg = Debug|Any CPU
		{A0F97A41-46D8-44D9-BEA9-E0C3AF4DCAA0}.Debug|Any CPU.Build.0 = Debug|Any CPU
		{A0F97A41-46D8-44D9-BEA9-E0C3AF4DCAA0}.Release|Any CPU.ActiveCfg = Release|Any CPU
		{A0F97A41-46D8-44D9-BEA9-E0C3AF4DCAA0}.Release|Any CPU.Build.0 = Release|Any CPU
		{D6BD4138-6F93-42C9-843C-8E4FD814F7F4}.Debug|Any CPU.ActiveCfg = Debug|Any CPU
		{D6BD4138-6F93-42C9-843C-8E4FD814F7F4}.Debug|Any CPU.Build.0 = Debug|Any CPU
		{D6BD4138-6F93-42C9-843C-8E4FD814F7F4}.Release|Any CPU.ActiveCfg = Release|Any CPU
		{D6BD4138-6F93-42C9-843C-8E4FD814F7F4}.Release|Any CPU.Build.0 = Release|Any CPU
		{AE7B3BCA-E6D7-4018-82F6-38DFFC6D5899}.Debug|Any CPU.ActiveCfg = Debug|Any CPU
		{AE7B3BCA-E6D7-4018-82F6-38DFFC6D5899}.Debug|Any CPU.Build.0 = Debug|Any CPU
		{AE7B3BCA-E6D7-4018-82F6-38DFFC6D5899}.Release|Any CPU.ActiveCfg = Release|Any CPU
		{AE7B3BCA-E6D7-4018-82F6-38DFFC6D5899}.Release|Any CPU.Build.0 = Release|Any CPU
		{6588B084-DA55-45CC-9D83-7E2D53679296}.Debug|Any CPU.ActiveCfg = Debug|Any CPU
		{6588B084-DA55-45CC-9D83-7E2D53679296}.Debug|Any CPU.Build.0 = Debug|Any CPU
		{6588B084-DA55-45CC-9D83-7E2D53679296}.Release|Any CPU.ActiveCfg = Release|Any CPU
		{6588B084-DA55-45CC-9D83-7E2D53679296}.Release|Any CPU.Build.0 = Release|Any CPU
		{AFE5C530-FB95-45BB-BBDC-932656471B25}.Debug|Any CPU.ActiveCfg = Debug|Any CPU
		{AFE5C530-FB95-45BB-BBDC-932656471B25}.Debug|Any CPU.Build.0 = Debug|Any CPU
		{AFE5C530-FB95-45BB-BBDC-932656471B25}.Release|Any CPU.ActiveCfg = Release|Any CPU
		{AFE5C530-FB95-45BB-BBDC-932656471B25}.Release|Any CPU.Build.0 = Release|Any CPU
		{4AAA3314-1C18-4794-A286-394591C201CF}.Debug|Any CPU.ActiveCfg = Debug|Any CPU
		{4AAA3314-1C18-4794-A286-394591C201CF}.Debug|Any CPU.Build.0 = Debug|Any CPU
		{4AAA3314-1C18-4794-A286-394591C201CF}.Release|Any CPU.ActiveCfg = Release|Any CPU
		{4AAA3314-1C18-4794-A286-394591C201CF}.Release|Any CPU.Build.0 = Release|Any CPU
		{6DBB2ADB-BA3F-4651-BC3E-45CB6540A91D}.Debug|Any CPU.ActiveCfg = Debug|Any CPU
		{6DBB2ADB-BA3F-4651-BC3E-45CB6540A91D}.Debug|Any CPU.Build.0 = Debug|Any CPU
		{6DBB2ADB-BA3F-4651-BC3E-45CB6540A91D}.Release|Any CPU.ActiveCfg = Release|Any CPU
		{6DBB2ADB-BA3F-4651-BC3E-45CB6540A91D}.Release|Any CPU.Build.0 = Release|Any CPU
		{1D838D97-D5FA-4761-ABB5-906F3EE284D1}.Debug|Any CPU.ActiveCfg = Debug|Any CPU
		{1D838D97-D5FA-4761-ABB5-906F3EE284D1}.Debug|Any CPU.Build.0 = Debug|Any CPU
		{1D838D97-D5FA-4761-ABB5-906F3EE284D1}.Release|Any CPU.ActiveCfg = Release|Any CPU
		{1D838D97-D5FA-4761-ABB5-906F3EE284D1}.Release|Any CPU.Build.0 = Release|Any CPU
		{DF078AD4-B7E7-4282-AF72-84EB3ED0D085}.Debug|Any CPU.ActiveCfg = Debug|Any CPU
		{DF078AD4-B7E7-4282-AF72-84EB3ED0D085}.Debug|Any CPU.Build.0 = Debug|Any CPU
		{DF078AD4-B7E7-4282-AF72-84EB3ED0D085}.Release|Any CPU.ActiveCfg = Release|Any CPU
		{DF078AD4-B7E7-4282-AF72-84EB3ED0D085}.Release|Any CPU.Build.0 = Release|Any CPU
		{7FCF7533-76F3-436B-B79E-952E3B13175D}.Debug|Any CPU.ActiveCfg = Debug|Any CPU
		{7FCF7533-76F3-436B-B79E-952E3B13175D}.Debug|Any CPU.Build.0 = Debug|Any CPU
		{7FCF7533-76F3-436B-B79E-952E3B13175D}.Release|Any CPU.ActiveCfg = Release|Any CPU
		{7FCF7533-76F3-436B-B79E-952E3B13175D}.Release|Any CPU.Build.0 = Release|Any CPU
		{3041F173-12A5-415A-A0E5-16AE740F4833}.Debug|Any CPU.ActiveCfg = Debug|Any CPU
		{3041F173-12A5-415A-A0E5-16AE740F4833}.Debug|Any CPU.Build.0 = Debug|Any CPU
		{3041F173-12A5-415A-A0E5-16AE740F4833}.Release|Any CPU.ActiveCfg = Release|Any CPU
		{3041F173-12A5-415A-A0E5-16AE740F4833}.Release|Any CPU.Build.0 = Release|Any CPU
		{FB7D74AB-4B92-43D6-83E0-E5FDF41AF641}.Debug|Any CPU.ActiveCfg = Debug|Any CPU
		{FB7D74AB-4B92-43D6-83E0-E5FDF41AF641}.Debug|Any CPU.Build.0 = Debug|Any CPU
		{FB7D74AB-4B92-43D6-83E0-E5FDF41AF641}.Release|Any CPU.ActiveCfg = Release|Any CPU
		{FB7D74AB-4B92-43D6-83E0-E5FDF41AF641}.Release|Any CPU.Build.0 = Release|Any CPU
		{3901C942-75D1-46B5-80E4-12039736D76E}.Debug|Any CPU.ActiveCfg = Debug|Any CPU
		{3901C942-75D1-46B5-80E4-12039736D76E}.Debug|Any CPU.Build.0 = Debug|Any CPU
		{3901C942-75D1-46B5-80E4-12039736D76E}.Release|Any CPU.ActiveCfg = Release|Any CPU
		{3901C942-75D1-46B5-80E4-12039736D76E}.Release|Any CPU.Build.0 = Release|Any CPU
		{5F96F209-D713-4695-9E4E-45D925876EEA}.Debug|Any CPU.ActiveCfg = Debug|Any CPU
		{5F96F209-D713-4695-9E4E-45D925876EEA}.Debug|Any CPU.Build.0 = Debug|Any CPU
		{5F96F209-D713-4695-9E4E-45D925876EEA}.Release|Any CPU.ActiveCfg = Release|Any CPU
		{5F96F209-D713-4695-9E4E-45D925876EEA}.Release|Any CPU.Build.0 = Release|Any CPU
		{E66586C4-FDF2-44BC-8D72-DD5CC587C44D}.Debug|Any CPU.ActiveCfg = Debug|Any CPU
		{E66586C4-FDF2-44BC-8D72-DD5CC587C44D}.Debug|Any CPU.Build.0 = Debug|Any CPU
		{E66586C4-FDF2-44BC-8D72-DD5CC587C44D}.Release|Any CPU.ActiveCfg = Release|Any CPU
		{E66586C4-FDF2-44BC-8D72-DD5CC587C44D}.Release|Any CPU.Build.0 = Release|Any CPU
		{8B04172A-9003-4C68-BEAA-90F625B2002F}.Debug|Any CPU.ActiveCfg = Debug|Any CPU
		{8B04172A-9003-4C68-BEAA-90F625B2002F}.Debug|Any CPU.Build.0 = Debug|Any CPU
		{8B04172A-9003-4C68-BEAA-90F625B2002F}.Release|Any CPU.ActiveCfg = Release|Any CPU
		{8B04172A-9003-4C68-BEAA-90F625B2002F}.Release|Any CPU.Build.0 = Release|Any CPU
		{DC2A0223-40DF-4B9C-8570-BCC6FF586362}.Debug|Any CPU.ActiveCfg = Debug|Any CPU
		{DC2A0223-40DF-4B9C-8570-BCC6FF586362}.Debug|Any CPU.Build.0 = Debug|Any CPU
		{DC2A0223-40DF-4B9C-8570-BCC6FF586362}.Release|Any CPU.ActiveCfg = Release|Any CPU
		{DC2A0223-40DF-4B9C-8570-BCC6FF586362}.Release|Any CPU.Build.0 = Release|Any CPU
		{589C4738-51CB-4D8E-9D63-A34AE9315CD3}.Debug|Any CPU.ActiveCfg = Debug|Any CPU
		{589C4738-51CB-4D8E-9D63-A34AE9315CD3}.Debug|Any CPU.Build.0 = Debug|Any CPU
		{589C4738-51CB-4D8E-9D63-A34AE9315CD3}.Release|Any CPU.ActiveCfg = Release|Any CPU
		{589C4738-51CB-4D8E-9D63-A34AE9315CD3}.Release|Any CPU.Build.0 = Release|Any CPU
		{4CCED3AD-CD1D-410D-9DAA-FF43B35403E2}.Debug|Any CPU.ActiveCfg = Debug|Any CPU
		{4CCED3AD-CD1D-410D-9DAA-FF43B35403E2}.Debug|Any CPU.Build.0 = Debug|Any CPU
		{4CCED3AD-CD1D-410D-9DAA-FF43B35403E2}.Release|Any CPU.ActiveCfg = Release|Any CPU
		{4CCED3AD-CD1D-410D-9DAA-FF43B35403E2}.Release|Any CPU.Build.0 = Release|Any CPU
		{20EAFC98-C66E-477B-AA22-71D2FFB3118C}.Debug|Any CPU.ActiveCfg = Debug|Any CPU
		{20EAFC98-C66E-477B-AA22-71D2FFB3118C}.Debug|Any CPU.Build.0 = Debug|Any CPU
		{20EAFC98-C66E-477B-AA22-71D2FFB3118C}.Release|Any CPU.ActiveCfg = Release|Any CPU
		{20EAFC98-C66E-477B-AA22-71D2FFB3118C}.Release|Any CPU.Build.0 = Release|Any CPU
		{39FF6499-A44F-48F1-85B1-9C4384272B76}.Debug|Any CPU.ActiveCfg = Debug|Any CPU
		{39FF6499-A44F-48F1-85B1-9C4384272B76}.Debug|Any CPU.Build.0 = Debug|Any CPU
		{39FF6499-A44F-48F1-85B1-9C4384272B76}.Release|Any CPU.ActiveCfg = Release|Any CPU
		{39FF6499-A44F-48F1-85B1-9C4384272B76}.Release|Any CPU.Build.0 = Release|Any CPU
		{1BCB75D1-2C18-4E35-9046-19EA02F7DE24}.Debug|Any CPU.ActiveCfg = Debug|Any CPU
		{1BCB75D1-2C18-4E35-9046-19EA02F7DE24}.Debug|Any CPU.Build.0 = Debug|Any CPU
		{1BCB75D1-2C18-4E35-9046-19EA02F7DE24}.Release|Any CPU.ActiveCfg = Release|Any CPU
		{1BCB75D1-2C18-4E35-9046-19EA02F7DE24}.Release|Any CPU.Build.0 = Release|Any CPU
		{471469B7-48A4-48A2-A2A5-FC2B376BCFC0}.Debug|Any CPU.ActiveCfg = Debug|Any CPU
		{471469B7-48A4-48A2-A2A5-FC2B376BCFC0}.Debug|Any CPU.Build.0 = Debug|Any CPU
		{471469B7-48A4-48A2-A2A5-FC2B376BCFC0}.Release|Any CPU.ActiveCfg = Release|Any CPU
		{471469B7-48A4-48A2-A2A5-FC2B376BCFC0}.Release|Any CPU.Build.0 = Release|Any CPU
		{568C6308-2669-44F6-9322-A6A6165311B1}.Debug|Any CPU.ActiveCfg = Debug|Any CPU
		{568C6308-2669-44F6-9322-A6A6165311B1}.Debug|Any CPU.Build.0 = Debug|Any CPU
		{568C6308-2669-44F6-9322-A6A6165311B1}.Release|Any CPU.ActiveCfg = Release|Any CPU
		{568C6308-2669-44F6-9322-A6A6165311B1}.Release|Any CPU.Build.0 = Release|Any CPU
	EndGlobalSection
	GlobalSection(SolutionProperties) = preSolution
		HideSolutionNode = FALSE
	EndGlobalSection
	GlobalSection(NestedProjects) = preSolution
		{446549C9-2690-40DF-A4A1-A93AD2A3E8AE} = {B000C44C-9A21-4F72-A9F4-E1A0B77EF365}
		{B000C44C-9A21-4F72-A9F4-E1A0B77EF365} = {D992285C-71B1-4895-ACE7-A9EA40CEBBE6}
		{EA16E9CF-40B0-4805-B21A-2C5FE3EE47EB} = {B000C44C-9A21-4F72-A9F4-E1A0B77EF365}
		{F7E58180-ED76-4589-8572-85CE2A93A261} = {B000C44C-9A21-4F72-A9F4-E1A0B77EF365}
		{F0242F7F-AF64-4186-B044-55DACC9A4ED7} = {D992285C-71B1-4895-ACE7-A9EA40CEBBE6}
		{CD3FBA87-B2B8-4657-9355-607527F8CA7C} = {F0242F7F-AF64-4186-B044-55DACC9A4ED7}
		{FE68BDC5-CC1C-4FAD-A381-C9A0D469158E} = {F0242F7F-AF64-4186-B044-55DACC9A4ED7}
		{B36D2A10-7953-49F0-807B-D71FAF7264EC} = {D992285C-71B1-4895-ACE7-A9EA40CEBBE6}
		{E33CA14F-6A89-4E34-A19A-2262EE92D1B9} = {B36D2A10-7953-49F0-807B-D71FAF7264EC}
		{016F5F57-B898-4243-9C2C-8DEB72FC9283} = {D992285C-71B1-4895-ACE7-A9EA40CEBBE6}
		{913BA2A4-5376-4BA5-BBFC-A0CD649BF07D} = {016F5F57-B898-4243-9C2C-8DEB72FC9283}
		{A0F97A41-46D8-44D9-BEA9-E0C3AF4DCAA0} = {016F5F57-B898-4243-9C2C-8DEB72FC9283}
		{D6BD4138-6F93-42C9-843C-8E4FD814F7F4} = {D992285C-71B1-4895-ACE7-A9EA40CEBBE6}
		{AE7B3BCA-E6D7-4018-82F6-38DFFC6D5899} = {D992285C-71B1-4895-ACE7-A9EA40CEBBE6}
		{6588B084-DA55-45CC-9D83-7E2D53679296} = {B000C44C-9A21-4F72-A9F4-E1A0B77EF365}
		{AFE5C530-FB95-45BB-BBDC-932656471B25} = {B000C44C-9A21-4F72-A9F4-E1A0B77EF365}
		{4AAA3314-1C18-4794-A286-394591C201CF} = {B000C44C-9A21-4F72-A9F4-E1A0B77EF365}
		{6DBB2ADB-BA3F-4651-BC3E-45CB6540A91D} = {B000C44C-9A21-4F72-A9F4-E1A0B77EF365}
		{1D838D97-D5FA-4761-ABB5-906F3EE284D1} = {B000C44C-9A21-4F72-A9F4-E1A0B77EF365}
		{DF078AD4-B7E7-4282-AF72-84EB3ED0D085} = {B000C44C-9A21-4F72-A9F4-E1A0B77EF365}
		{7FCF7533-76F3-436B-B79E-952E3B13175D} = {B000C44C-9A21-4F72-A9F4-E1A0B77EF365}
		{3041F173-12A5-415A-A0E5-16AE740F4833} = {B36D2A10-7953-49F0-807B-D71FAF7264EC}
		{FB7D74AB-4B92-43D6-83E0-E5FDF41AF641} = {B36D2A10-7953-49F0-807B-D71FAF7264EC}
		{3901C942-75D1-46B5-80E4-12039736D76E} = {B36D2A10-7953-49F0-807B-D71FAF7264EC}
		{5F96F209-D713-4695-9E4E-45D925876EEA} = {B36D2A10-7953-49F0-807B-D71FAF7264EC}
		{E66586C4-FDF2-44BC-8D72-DD5CC587C44D} = {F0242F7F-AF64-4186-B044-55DACC9A4ED7}
		{8B04172A-9003-4C68-BEAA-90F625B2002F} = {F0242F7F-AF64-4186-B044-55DACC9A4ED7}
		{F7A3DA51-43F5-4E1F-BF89-8709758243C6} = {D992285C-71B1-4895-ACE7-A9EA40CEBBE6}
		{DC2A0223-40DF-4B9C-8570-BCC6FF586362} = {F7A3DA51-43F5-4E1F-BF89-8709758243C6}
		{589C4738-51CB-4D8E-9D63-A34AE9315CD3} = {F0242F7F-AF64-4186-B044-55DACC9A4ED7}
		{4CCED3AD-CD1D-410D-9DAA-FF43B35403E2} = {F0242F7F-AF64-4186-B044-55DACC9A4ED7}
		{20EAFC98-C66E-477B-AA22-71D2FFB3118C} = {B36D2A10-7953-49F0-807B-D71FAF7264EC}
		{39FF6499-A44F-48F1-85B1-9C4384272B76} = {B000C44C-9A21-4F72-A9F4-E1A0B77EF365}
		{1BCB75D1-2C18-4E35-9046-19EA02F7DE24} = {B000C44C-9A21-4F72-A9F4-E1A0B77EF365}
		{471469B7-48A4-48A2-A2A5-FC2B376BCFC0} = {B000C44C-9A21-4F72-A9F4-E1A0B77EF365}
		{A5534AFB-ECAF-4A41-A6B9-7E7512EFC855} = {D992285C-71B1-4895-ACE7-A9EA40CEBBE6}
		{568C6308-2669-44F6-9322-A6A6165311B1} = {A5534AFB-ECAF-4A41-A6B9-7E7512EFC855}
	EndGlobalSection
EndGlobal
